// !$*UTF8*$!
{
	archiveVersion = 1;
	classes = {
	};
	objectVersion = 46;
	objects = {

/* Begin PBXBuildFile section */
		48E0341A1D102D2B006F535D /* main.m in Sources */ = {isa = PBXBuildFile; fileRef = 48E034191D102D2B006F535D /* main.m */; };
		48E0341D1D102D2B006F535D /* AppDelegate.m in Sources */ = {isa = PBXBuildFile; fileRef = 48E0341C1D102D2B006F535D /* AppDelegate.m */; };
		48E034201D102D2B006F535D /* ViewController.m in Sources */ = {isa = PBXBuildFile; fileRef = 48E0341F1D102D2B006F535D /* ViewController.m */; };
		48E034231D102D2B006F535D /* Main.storyboard in Resources */ = {isa = PBXBuildFile; fileRef = 48E034211D102D2B006F535D /* Main.storyboard */; };
		48E034251D102D2B006F535D /* Assets.xcassets in Resources */ = {isa = PBXBuildFile; fileRef = 48E034241D102D2B006F535D /* Assets.xcassets */; };
		48E034281D102D2B006F535D /* LaunchScreen.storyboard in Resources */ = {isa = PBXBuildFile; fileRef = 48E034261D102D2B006F535D /* LaunchScreen.storyboard */; };
		48E034331D102D2B006F535D /* ZlmTests.m in Sources */ = {isa = PBXBuildFile; fileRef = 48E034321D102D2B006F535D /* ZlmTests.m */; };
		48E0343E1D102D2B006F535D /* ZlmUITests.m in Sources */ = {isa = PBXBuildFile; fileRef = 48E0343D1D102D2B006F535D /* ZlmUITests.m */; };
		48E034501D102DBF006F535D /* ZlmSlideView.m in Sources */ = {isa = PBXBuildFile; fileRef = 48E0344D1D102DBF006F535D /* ZlmSlideView.m */; };
		48E034561D102DD0006F535D /* UITableView+SDAutoTableViewCellHeight.m in Sources */ = {isa = PBXBuildFile; fileRef = 48E034531D102DD0006F535D /* UITableView+SDAutoTableViewCellHeight.m */; };
		48E034571D102DD0006F535D /* UIView+SDAutoLayout.m in Sources */ = {isa = PBXBuildFile; fileRef = 48E034551D102DD0006F535D /* UIView+SDAutoLayout.m */; };
		48E0345C1D10395D006F535D /* BaseViewController.m in Sources */ = {isa = PBXBuildFile; fileRef = 48E0345A1D10395D006F535D /* BaseViewController.m */; };
		48E0345D1D10395D006F535D /* BaseViewController.xib in Resources */ = {isa = PBXBuildFile; fileRef = 48E0345B1D10395D006F535D /* BaseViewController.xib */; };
/* End PBXBuildFile section */

/* Begin PBXContainerItemProxy section */
		48E0342F1D102D2B006F535D /* PBXContainerItemProxy */ = {
			isa = PBXContainerItemProxy;
			containerPortal = 48E0340D1D102D2A006F535D /* Project object */;
			proxyType = 1;
			remoteGlobalIDString = 48E034141D102D2A006F535D;
			remoteInfo = Zlm;
		};
		48E0343A1D102D2B006F535D /* PBXContainerItemProxy */ = {
			isa = PBXContainerItemProxy;
			containerPortal = 48E0340D1D102D2A006F535D /* Project object */;
			proxyType = 1;
			remoteGlobalIDString = 48E034141D102D2A006F535D;
			remoteInfo = Zlm;
		};
/* End PBXContainerItemProxy section */

/* Begin PBXFileReference section */
		48E034151D102D2A006F535D /* Zlm.app */ = {isa = PBXFileReference; explicitFileType = wrapper.application; includeInIndex = 0; path = Zlm.app; sourceTree = BUILT_PRODUCTS_DIR; };
		48E034191D102D2B006F535D /* main.m */ = {isa = PBXFileReference; lastKnownFileType = sourcecode.c.objc; path = main.m; sourceTree = "<group>"; };
		48E0341B1D102D2B006F535D /* AppDelegate.h */ = {isa = PBXFileReference; lastKnownFileType = sourcecode.c.h; path = AppDelegate.h; sourceTree = "<group>"; };
		48E0341C1D102D2B006F535D /* AppDelegate.m */ = {isa = PBXFileReference; lastKnownFileType = sourcecode.c.objc; path = AppDelegate.m; sourceTree = "<group>"; };
		48E0341E1D102D2B006F535D /* ViewController.h */ = {isa = PBXFileReference; lastKnownFileType = sourcecode.c.h; path = ViewController.h; sourceTree = "<group>"; };
		48E0341F1D102D2B006F535D /* ViewController.m */ = {isa = PBXFileReference; lastKnownFileType = sourcecode.c.objc; path = ViewController.m; sourceTree = "<group>"; };
		48E034221D102D2B006F535D /* Base */ = {isa = PBXFileReference; lastKnownFileType = file.storyboard; name = Base; path = Base.lproj/Main.storyboard; sourceTree = "<group>"; };
		48E034241D102D2B006F535D /* Assets.xcassets */ = {isa = PBXFileReference; lastKnownFileType = folder.assetcatalog; path = Assets.xcassets; sourceTree = "<group>"; };
		48E034271D102D2B006F535D /* Base */ = {isa = PBXFileReference; lastKnownFileType = file.storyboard; name = Base; path = Base.lproj/LaunchScreen.storyboard; sourceTree = "<group>"; };
		48E034291D102D2B006F535D /* Info.plist */ = {isa = PBXFileReference; lastKnownFileType = text.plist.xml; path = Info.plist; sourceTree = "<group>"; };
		48E0342E1D102D2B006F535D /* ZlmTests.xctest */ = {isa = PBXFileReference; explicitFileType = wrapper.cfbundle; includeInIndex = 0; path = ZlmTests.xctest; sourceTree = BUILT_PRODUCTS_DIR; };
		48E034321D102D2B006F535D /* ZlmTests.m */ = {isa = PBXFileReference; lastKnownFileType = sourcecode.c.objc; path = ZlmTests.m; sourceTree = "<group>"; };
		48E034341D102D2B006F535D /* Info.plist */ = {isa = PBXFileReference; lastKnownFileType = text.plist.xml; path = Info.plist; sourceTree = "<group>"; };
		48E034391D102D2B006F535D /* ZlmUITests.xctest */ = {isa = PBXFileReference; explicitFileType = wrapper.cfbundle; includeInIndex = 0; path = ZlmUITests.xctest; sourceTree = BUILT_PRODUCTS_DIR; };
		48E0343D1D102D2B006F535D /* ZlmUITests.m */ = {isa = PBXFileReference; lastKnownFileType = sourcecode.c.objc; path = ZlmUITests.m; sourceTree = "<group>"; };
		48E0343F1D102D2B006F535D /* Info.plist */ = {isa = PBXFileReference; lastKnownFileType = text.plist.xml; path = Info.plist; sourceTree = "<group>"; };
		48E0344C1D102DBF006F535D /* ZlmSlideView.h */ = {isa = PBXFileReference; fileEncoding = 4; lastKnownFileType = sourcecode.c.h; path = ZlmSlideView.h; sourceTree = "<group>"; };
		48E0344D1D102DBF006F535D /* ZlmSlideView.m */ = {isa = PBXFileReference; fileEncoding = 4; lastKnownFileType = sourcecode.c.objc; path = ZlmSlideView.m; sourceTree = "<group>"; };
		48E034521D102DD0006F535D /* UITableView+SDAutoTableViewCellHeight.h */ = {isa = PBXFileReference; fileEncoding = 4; lastKnownFileType = sourcecode.c.h; path = "UITableView+SDAutoTableViewCellHeight.h"; sourceTree = "<group>"; };
		48E034531D102DD0006F535D /* UITableView+SDAutoTableViewCellHeight.m */ = {isa = PBXFileReference; fileEncoding = 4; lastKnownFileType = sourcecode.c.objc; path = "UITableView+SDAutoTableViewCellHeight.m"; sourceTree = "<group>"; };
		48E034541D102DD0006F535D /* UIView+SDAutoLayout.h */ = {isa = PBXFileReference; fileEncoding = 4; lastKnownFileType = sourcecode.c.h; path = "UIView+SDAutoLayout.h"; sourceTree = "<group>"; };
		48E034551D102DD0006F535D /* UIView+SDAutoLayout.m */ = {isa = PBXFileReference; fileEncoding = 4; lastKnownFileType = sourcecode.c.objc; path = "UIView+SDAutoLayout.m"; sourceTree = "<group>"; };
		48E034581D102DEB006F535D /* Zlm-Prefix.pch */ = {isa = PBXFileReference; lastKnownFileType = sourcecode.c.h; path = "Zlm-Prefix.pch"; sourceTree = "<group>"; };
		48E034591D10395D006F535D /* BaseViewController.h */ = {isa = PBXFileReference; fileEncoding = 4; lastKnownFileType = sourcecode.c.h; path = BaseViewController.h; sourceTree = "<group>"; };
		48E0345A1D10395D006F535D /* BaseViewController.m */ = {isa = PBXFileReference; fileEncoding = 4; lastKnownFileType = sourcecode.c.objc; path = BaseViewController.m; sourceTree = "<group>"; };
		48E0345B1D10395D006F535D /* BaseViewController.xib */ = {isa = PBXFileReference; fileEncoding = 4; lastKnownFileType = file.xib; path = BaseViewController.xib; sourceTree = "<group>"; };
/* End PBXFileReference section */

/* Begin PBXFrameworksBuildPhase section */
		48E034121D102D2A006F535D /* Frameworks */ = {
			isa = PBXFrameworksBuildPhase;
			buildActionMask = 2147483647;
			files = (
			);
			runOnlyForDeploymentPostprocessing = 0;
		};
		48E0342B1D102D2B006F535D /* Frameworks */ = {
			isa = PBXFrameworksBuildPhase;
			buildActionMask = 2147483647;
			files = (
			);
			runOnlyForDeploymentPostprocessing = 0;
		};
		48E034361D102D2B006F535D /* Frameworks */ = {
			isa = PBXFrameworksBuildPhase;
			buildActionMask = 2147483647;
			files = (
			);
			runOnlyForDeploymentPostprocessing = 0;
		};
/* End PBXFrameworksBuildPhase section */

/* Begin PBXGroup section */
		48E0340C1D102D2A006F535D = {
			isa = PBXGroup;
			children = (
				48E034171D102D2B006F535D /* Zlm */,
				48E034311D102D2B006F535D /* ZlmTests */,
				48E0343C1D102D2B006F535D /* ZlmUITests */,
				48E034161D102D2A006F535D /* Products */,
			);
			sourceTree = "<group>";
		};
		48E034161D102D2A006F535D /* Products */ = {
			isa = PBXGroup;
			children = (
				48E034151D102D2A006F535D /* Zlm.app */,
				48E0342E1D102D2B006F535D /* ZlmTests.xctest */,
				48E034391D102D2B006F535D /* ZlmUITests.xctest */,
			);
			name = Products;
			sourceTree = "<group>";
		};
		48E034171D102D2B006F535D /* Zlm */ = {
			isa = PBXGroup;
			children = (
				48E0344B1D102DBF006F535D /* CustomClass */,
				48E0344E1D102DBF006F535D /* TargetManager */,
				48E0344F1D102DBF006F535D /* ThreeClass */,
				48E0341B1D102D2B006F535D /* AppDelegate.h */,
				48E0341C1D102D2B006F535D /* AppDelegate.m */,
				48E0341E1D102D2B006F535D /* ViewController.h */,
				48E0341F1D102D2B006F535D /* ViewController.m */,
				48E034211D102D2B006F535D /* Main.storyboard */,
				48E034241D102D2B006F535D /* Assets.xcassets */,
				48E034261D102D2B006F535D /* LaunchScreen.storyboard */,
				48E034291D102D2B006F535D /* Info.plist */,
				48E034181D102D2B006F535D /* Supporting Files */,
				48E034591D10395D006F535D /* BaseViewController.h */,
				48E0345A1D10395D006F535D /* BaseViewController.m */,
				48E0345B1D10395D006F535D /* BaseViewController.xib */,
			);
			path = Zlm;
			sourceTree = "<group>";
		};
		48E034181D102D2B006F535D /* Supporting Files */ = {
			isa = PBXGroup;
			children = (
				48E034191D102D2B006F535D /* main.m */,
				48E034581D102DEB006F535D /* Zlm-Prefix.pch */,
			);
			name = "Supporting Files";
			sourceTree = "<group>";
		};
		48E034311D102D2B006F535D /* ZlmTests */ = {
			isa = PBXGroup;
			children = (
				48E034321D102D2B006F535D /* ZlmTests.m */,
				48E034341D102D2B006F535D /* Info.plist */,
			);
			path = ZlmTests;
			sourceTree = "<group>";
		};
		48E0343C1D102D2B006F535D /* ZlmUITests */ = {
			isa = PBXGroup;
			children = (
				48E0343D1D102D2B006F535D /* ZlmUITests.m */,
				48E0343F1D102D2B006F535D /* Info.plist */,
			);
			path = ZlmUITests;
			sourceTree = "<group>";
		};
		48E0344B1D102DBF006F535D /* CustomClass */ = {
			isa = PBXGroup;
			children = (
				48E0344C1D102DBF006F535D /* ZlmSlideView.h */,
				48E0344D1D102DBF006F535D /* ZlmSlideView.m */,
			);
			path = CustomClass;
			sourceTree = "<group>";
		};
		48E0344E1D102DBF006F535D /* TargetManager */ = {
			isa = PBXGroup;
			children = (
			);
			path = TargetManager;
			sourceTree = "<group>";
		};
		48E0344F1D102DBF006F535D /* ThreeClass */ = {
			isa = PBXGroup;
			children = (
				48E034511D102DD0006F535D /* SDAutoLayout */,
			);
			path = ThreeClass;
			sourceTree = "<group>";
		};
		48E034511D102DD0006F535D /* SDAutoLayout */ = {
			isa = PBXGroup;
			children = (
				48E034521D102DD0006F535D /* UITableView+SDAutoTableViewCellHeight.h */,
				48E034531D102DD0006F535D /* UITableView+SDAutoTableViewCellHeight.m */,
				48E034541D102DD0006F535D /* UIView+SDAutoLayout.h */,
				48E034551D102DD0006F535D /* UIView+SDAutoLayout.m */,
			);
			path = SDAutoLayout;
			sourceTree = "<group>";
		};
/* End PBXGroup section */

/* Begin PBXNativeTarget section */
		48E034141D102D2A006F535D /* Zlm */ = {
			isa = PBXNativeTarget;
			buildConfigurationList = 48E034421D102D2B006F535D /* Build configuration list for PBXNativeTarget "Zlm" */;
			buildPhases = (
				48E034111D102D2A006F535D /* Sources */,
				48E034121D102D2A006F535D /* Frameworks */,
				48E034131D102D2A006F535D /* Resources */,
			);
			buildRules = (
			);
			dependencies = (
			);
			name = Zlm;
			productName = Zlm;
			productReference = 48E034151D102D2A006F535D /* Zlm.app */;
			productType = "com.apple.product-type.application";
		};
		48E0342D1D102D2B006F535D /* ZlmTests */ = {
			isa = PBXNativeTarget;
			buildConfigurationList = 48E034451D102D2B006F535D /* Build configuration list for PBXNativeTarget "ZlmTests" */;
			buildPhases = (
				48E0342A1D102D2B006F535D /* Sources */,
				48E0342B1D102D2B006F535D /* Frameworks */,
				48E0342C1D102D2B006F535D /* Resources */,
			);
			buildRules = (
			);
			dependencies = (
				48E034301D102D2B006F535D /* PBXTargetDependency */,
			);
			name = ZlmTests;
			productName = ZlmTests;
			productReference = 48E0342E1D102D2B006F535D /* ZlmTests.xctest */;
			productType = "com.apple.product-type.bundle.unit-test";
		};
		48E034381D102D2B006F535D /* ZlmUITests */ = {
			isa = PBXNativeTarget;
			buildConfigurationList = 48E034481D102D2B006F535D /* Build configuration list for PBXNativeTarget "ZlmUITests" */;
			buildPhases = (
				48E034351D102D2B006F535D /* Sources */,
				48E034361D102D2B006F535D /* Frameworks */,
				48E034371D102D2B006F535D /* Resources */,
			);
			buildRules = (
			);
			dependencies = (
				48E0343B1D102D2B006F535D /* PBXTargetDependency */,
			);
			name = ZlmUITests;
			productName = ZlmUITests;
			productReference = 48E034391D102D2B006F535D /* ZlmUITests.xctest */;
			productType = "com.apple.product-type.bundle.ui-testing";
		};
/* End PBXNativeTarget section */

/* Begin PBXProject section */
		48E0340D1D102D2A006F535D /* Project object */ = {
			isa = PBXProject;
			attributes = {
				LastUpgradeCheck = 0730;
				ORGANIZATIONNAME = zlm;
				TargetAttributes = {
					48E034141D102D2A006F535D = {
						CreatedOnToolsVersion = 7.3.1;
						DevelopmentTeam = K8KKN2L2KK;
					};
					48E0342D1D102D2B006F535D = {
						CreatedOnToolsVersion = 7.3.1;
						TestTargetID = 48E034141D102D2A006F535D;
					};
					48E034381D102D2B006F535D = {
						CreatedOnToolsVersion = 7.3.1;
						TestTargetID = 48E034141D102D2A006F535D;
					};
				};
			};
			buildConfigurationList = 48E034101D102D2A006F535D /* Build configuration list for PBXProject "Zlm" */;
			compatibilityVersion = "Xcode 3.2";
			developmentRegion = English;
			hasScannedForEncodings = 0;
			knownRegions = (
				en,
				Base,
			);
			mainGroup = 48E0340C1D102D2A006F535D;
			productRefGroup = 48E034161D102D2A006F535D /* Products */;
			projectDirPath = "";
			projectRoot = "";
			targets = (
				48E034141D102D2A006F535D /* Zlm */,
				48E0342D1D102D2B006F535D /* ZlmTests */,
				48E034381D102D2B006F535D /* ZlmUITests */,
			);
		};
/* End PBXProject section */

/* Begin PBXResourcesBuildPhase section */
		48E034131D102D2A006F535D /* Resources */ = {
			isa = PBXResourcesBuildPhase;
			buildActionMask = 2147483647;
			files = (
				48E034281D102D2B006F535D /* LaunchScreen.storyboard in Resources */,
				48E0345D1D10395D006F535D /* BaseViewController.xib in Resources */,
				48E034251D102D2B006F535D /* Assets.xcassets in Resources */,
				48E034231D102D2B006F535D /* Main.storyboard in Resources */,
			);
			runOnlyForDeploymentPostprocessing = 0;
		};
		48E0342C1D102D2B006F535D /* Resources */ = {
			isa = PBXResourcesBuildPhase;
			buildActionMask = 2147483647;
			files = (
			);
			runOnlyForDeploymentPostprocessing = 0;
		};
		48E034371D102D2B006F535D /* Resources */ = {
			isa = PBXResourcesBuildPhase;
			buildActionMask = 2147483647;
			files = (
			);
			runOnlyForDeploymentPostprocessing = 0;
		};
/* End PBXResourcesBuildPhase section */

/* Begin PBXSourcesBuildPhase section */
		48E034111D102D2A006F535D /* Sources */ = {
			isa = PBXSourcesBuildPhase;
			buildActionMask = 2147483647;
			files = (
				48E034501D102DBF006F535D /* ZlmSlideView.m in Sources */,
				48E034201D102D2B006F535D /* ViewController.m in Sources */,
				48E034571D102DD0006F535D /* UIView+SDAutoLayout.m in Sources */,
				48E0341D1D102D2B006F535D /* AppDelegate.m in Sources */,
				48E0341A1D102D2B006F535D /* main.m in Sources */,
				48E0345C1D10395D006F535D /* BaseViewController.m in Sources */,
				48E034561D102DD0006F535D /* UITableView+SDAutoTableViewCellHeight.m in Sources */,
			);
			runOnlyForDeploymentPostprocessing = 0;
		};
		48E0342A1D102D2B006F535D /* Sources */ = {
			isa = PBXSourcesBuildPhase;
			buildActionMask = 2147483647;
			files = (
				48E034331D102D2B006F535D /* ZlmTests.m in Sources */,
			);
			runOnlyForDeploymentPostprocessing = 0;
		};
		48E034351D102D2B006F535D /* Sources */ = {
			isa = PBXSourcesBuildPhase;
			buildActionMask = 2147483647;
			files = (
				48E0343E1D102D2B006F535D /* ZlmUITests.m in Sources */,
			);
			runOnlyForDeploymentPostprocessing = 0;
		};
/* End PBXSourcesBuildPhase section */

/* Begin PBXTargetDependency section */
		48E034301D102D2B006F535D /* PBXTargetDependency */ = {
			isa = PBXTargetDependency;
			target = 48E034141D102D2A006F535D /* Zlm */;
			targetProxy = 48E0342F1D102D2B006F535D /* PBXContainerItemProxy */;
		};
		48E0343B1D102D2B006F535D /* PBXTargetDependency */ = {
			isa = PBXTargetDependency;
			target = 48E034141D102D2A006F535D /* Zlm */;
			targetProxy = 48E0343A1D102D2B006F535D /* PBXContainerItemProxy */;
		};
/* End PBXTargetDependency section */

/* Begin PBXVariantGroup section */
		48E034211D102D2B006F535D /* Main.storyboard */ = {
			isa = PBXVariantGroup;
			children = (
				48E034221D102D2B006F535D /* Base */,
			);
			name = Main.storyboard;
			sourceTree = "<group>";
		};
		48E034261D102D2B006F535D /* LaunchScreen.storyboard */ = {
			isa = PBXVariantGroup;
			children = (
				48E034271D102D2B006F535D /* Base */,
			);
			name = LaunchScreen.storyboard;
			sourceTree = "<group>";
		};
/* End PBXVariantGroup section */

/* Begin XCBuildConfiguration section */
		48E034401D102D2B006F535D /* Debug */ = {
			isa = XCBuildConfiguration;
			buildSettings = {
				ALWAYS_SEARCH_USER_PATHS = NO;
				CLANG_ANALYZER_NONNULL = YES;
				CLANG_CXX_LANGUAGE_STANDARD = "gnu++0x";
				CLANG_CXX_LIBRARY = "libc++";
				CLANG_ENABLE_MODULES = YES;
				CLANG_ENABLE_OBJC_ARC = YES;
				CLANG_WARN_BOOL_CONVERSION = YES;
				CLANG_WARN_CONSTANT_CONVERSION = YES;
				CLANG_WARN_DIRECT_OBJC_ISA_USAGE = YES_ERROR;
				CLANG_WARN_EMPTY_BODY = YES;
				CLANG_WARN_ENUM_CONVERSION = YES;
				CLANG_WARN_INT_CONVERSION = YES;
				CLANG_WARN_OBJC_ROOT_CLASS = YES_ERROR;
				CLANG_WARN_UNREACHABLE_CODE = YES;
				CLANG_WARN__DUPLICATE_METHOD_MATCH = YES;
				"CODE_SIGN_IDENTITY[sdk=iphoneos*]" = "iPhone Developer";
				COPY_PHASE_STRIP = NO;
				DEBUG_INFORMATION_FORMAT = dwarf;
				ENABLE_STRICT_OBJC_MSGSEND = YES;
				ENABLE_TESTABILITY = YES;
				GCC_C_LANGUAGE_STANDARD = gnu99;
				GCC_DYNAMIC_NO_PIC = NO;
				GCC_NO_COMMON_BLOCKS = YES;
				GCC_OPTIMIZATION_LEVEL = 0;
				GCC_PREPROCESSOR_DEFINITIONS = (
					"DEBUG=1",
					"$(inherited)",
				);
				GCC_WARN_64_TO_32_BIT_CONVERSION = YES;
				GCC_WARN_ABOUT_RETURN_TYPE = YES_ERROR;
				GCC_WARN_UNDECLARED_SELECTOR = YES;
				GCC_WARN_UNINITIALIZED_AUTOS = YES_AGGRESSIVE;
				GCC_WARN_UNUSED_FUNCTION = YES;
				GCC_WARN_UNUSED_VARIABLE = YES;
				IPHONEOS_DEPLOYMENT_TARGET = 9.3;
				MTL_ENABLE_DEBUG_INFO = YES;
				ONLY_ACTIVE_ARCH = YES;
				SDKROOT = iphoneos;
				TARGETED_DEVICE_FAMILY = "1,2";
			};
			name = Debug;
		};
		48E034411D102D2B006F535D /* Release */ = {
			isa = XCBuildConfiguration;
			buildSettings = {
				ALWAYS_SEARCH_USER_PATHS = NO;
				CLANG_ANALYZER_NONNULL = YES;
				CLANG_CXX_LANGUAGE_STANDARD = "gnu++0x";
				CLANG_CXX_LIBRARY = "libc++";
				CLANG_ENABLE_MODULES = YES;
				CLANG_ENABLE_OBJC_ARC = YES;
				CLANG_WARN_BOOL_CONVERSION = YES;
				CLANG_WARN_CONSTANT_CONVERSION = YES;
				CLANG_WARN_DIRECT_OBJC_ISA_USAGE = YES_ERROR;
				CLANG_WARN_EMPTY_BODY = YES;
				CLANG_WARN_ENUM_CONVERSION = YES;
				CLANG_WARN_INT_CONVERSION = YES;
				CLANG_WARN_OBJC_ROOT_CLASS = YES_ERROR;
				CLANG_WARN_UNREACHABLE_CODE = YES;
				CLANG_WARN__DUPLICATE_METHOD_MATCH = YES;
				"CODE_SIGN_IDENTITY[sdk=iphoneos*]" = "iPhone Developer";
				COPY_PHASE_STRIP = NO;
				DEBUG_INFORMATION_FORMAT = "dwarf-with-dsym";
				ENABLE_NS_ASSERTIONS = NO;
				ENABLE_STRICT_OBJC_MSGSEND = YES;
				GCC_C_LANGUAGE_STANDARD = gnu99;
				GCC_NO_COMMON_BLOCKS = YES;
				GCC_WARN_64_TO_32_BIT_CONVERSION = YES;
				GCC_WARN_ABOUT_RETURN_TYPE = YES_ERROR;
				GCC_WARN_UNDECLARED_SELECTOR = YES;
				GCC_WARN_UNINITIALIZED_AUTOS = YES_AGGRESSIVE;
				GCC_WARN_UNUSED_FUNCTION = YES;
				GCC_WARN_UNUSED_VARIABLE = YES;
				IPHONEOS_DEPLOYMENT_TARGET = 9.3;
				MTL_ENABLE_DEBUG_INFO = NO;
				SDKROOT = iphoneos;
				TARGETED_DEVICE_FAMILY = "1,2";
				VALIDATE_PRODUCT = YES;
			};
			name = Release;
		};
		48E034431D102D2B006F535D /* Debug */ = {
			isa = XCBuildConfiguration;
			buildSettings = {
				ASSETCATALOG_COMPILER_APPICON_NAME = AppIcon;
				CODE_SIGN_IDENTITY = "iPhone Developer";
				GCC_PREFIX_HEADER = "Zlm/Zlm-Prefix.pch";
				INFOPLIST_FILE = Zlm/Info.plist;
				IPHONEOS_DEPLOYMENT_TARGET = 7.0;
				LD_RUNPATH_SEARCH_PATHS = "$(inherited) @executable_path/Frameworks";
				PRODUCT_BUNDLE_IDENTIFIER = com.zlm.Zlm;
				PRODUCT_NAME = "$(TARGET_NAME)";
			};
			name = Debug;
		};
		48E034441D102D2B006F535D /* Release */ = {
			isa = XCBuildConfiguration;
			buildSettings = {
				ASSETCATALOG_COMPILER_APPICON_NAME = AppIcon;
				CODE_SIGN_IDENTITY = "iPhone Developer";
				GCC_PREFIX_HEADER = "Zlm/Zlm-Prefix.pch";
				INFOPLIST_FILE = Zlm/Info.plist;
				IPHONEOS_DEPLOYMENT_TARGET = 7.0;
				LD_RUNPATH_SEARCH_PATHS = "$(inherited) @executable_path/Frameworks";
				PRODUCT_BUNDLE_IDENTIFIER = com.zlm.Zlm;
				PRODUCT_NAME = "$(TARGET_NAME)";
			};
			name = Release;
		};
		48E034461D102D2B006F535D /* Debug */ = {
			isa = XCBuildConfiguration;
			buildSettings = {
				BUNDLE_LOADER = "$(TEST_HOST)";
				INFOPLIST_FILE = ZlmTests/Info.plist;
				LD_RUNPATH_SEARCH_PATHS = "$(inherited) @executable_path/Frameworks @loader_path/Frameworks";
				PRODUCT_BUNDLE_IDENTIFIER = com.zlm.ZlmTests;
				PRODUCT_NAME = "$(TARGET_NAME)";
				TEST_HOST = "$(BUILT_PRODUCTS_DIR)/Zlm.app/Zlm";
			};
			name = Debug;
		};
		48E034471D102D2B006F535D /* Release */ = {
			isa = XCBuildConfiguration;
			buildSettings = {
				BUNDLE_LOADER = "$(TEST_HOST)";
				INFOPLIST_FILE = ZlmTests/Info.plist;
				LD_RUNPATH_SEARCH_PATHS = "$(inherited) @executable_path/Frameworks @loader_path/Frameworks";
				PRODUCT_BUNDLE_IDENTIFIER = com.zlm.ZlmTests;
				PRODUCT_NAME = "$(TARGET_NAME)";
				TEST_HOST = "$(BUILT_PRODUCTS_DIR)/Zlm.app/Zlm";
			};
			name = Release;
		};
		48E034491D102D2B006F535D /* Debug */ = {
			isa = XCBuildConfiguration;
			buildSettings = {
				INFOPLIST_FILE = ZlmUITests/Info.plist;
				LD_RUNPATH_SEARCH_PATHS = "$(inherited) @executable_path/Frameworks @loader_path/Frameworks";
				PRODUCT_BUNDLE_IDENTIFIER = com.zlm.ZlmUITests;
				PRODUCT_NAME = "$(TARGET_NAME)";
				TEST_TARGET_NAME = Zlm;
			};
			name = Debug;
		};
		48E0344A1D102D2B006F535D /* Release */ = {
			isa = XCBuildConfiguration;
			buildSettings = {
				INFOPLIST_FILE = ZlmUITests/Info.plist;
				LD_RUNPATH_SEARCH_PATHS = "$(inherited) @executable_path/Frameworks @loader_path/Frameworks";
				PRODUCT_BUNDLE_IDENTIFIER = com.zlm.ZlmUITests;
				PRODUCT_NAME = "$(TARGET_NAME)";
				TEST_TARGET_NAME = Zlm;
			};
			name = Release;
		};
/* End XCBuildConfiguration section */

/* Begin XCConfigurationList section */
		48E034101D102D2A006F535D /* Build configuration list for PBXProject "Zlm" */ = {
			isa = XCConfigurationList;
			buildConfigurations = (
				48E034401D102D2B006F535D /* Debug */,
				48E034411D102D2B006F535D /* Release */,
			);
			defaultConfigurationIsVisible = 0;
			defaultConfigurationName = Release;
		};
		48E034421D102D2B006F535D /* Build configuration list for PBXNativeTarget "Zlm" */ = {
			isa = XCConfigurationList;
			buildConfigurations = (
				48E034431D102D2B006F535D /* Debug */,
				48E034441D102D2B006F535D /* Release */,
			);
			defaultConfigurationIsVisible = 0;
		};
		48E034451D102D2B006F535D /* Build configuration list for PBXNativeTarget "ZlmTests" */ = {
			isa = XCConfigurationList;
			buildConfigurations = (
				48E034461D102D2B006F535D /* Debug */,
				48E034471D102D2B006F535D /* Release */,
			);
			defaultConfigurationIsVisible = 0;
		};
		48E034481D102D2B006F535D /* Build configuration list for PBXNativeTarget "ZlmUITests" */ = {
			isa = XCConfigurationList;
			buildConfigurations = (
				48E034491D102D2B006F535D /* Debug */,
				48E0344A1D102D2B006F535D /* Release */,
			);
			defaultConfigurationIsVisible = 0;
		};
/* End XCConfigurationList section */
	};
	rootObject = 48E0340D1D102D2A006F535D /* Project object */;
}
